%{
  "bunt": {:hex, :bunt, "0.2.0", "951c6e801e8b1d2cbe58ebbd3e616a869061ddadcc4863d0a2182541acae9a38", [:mix], [], "hexpm", "7af5c7e09fe1d40f76c8e4f9dd2be7cebd83909f31fee7cd0e9eadc567da8353"},
  "castore": {:hex, :castore, "0.1.9", "eb08a94c12ebff92a92d844c6ccd90728dc7662aab9bdc8b3b785ba653c499d5", [:mix], [], "hexpm", "99c3a38ad9c0bab03fee1418c98390da1a31f3b85e317db5840d51a1443d26c8"},
  "cowlib": {:hex, :cowlib, "2.10.1", "5442eb6b4eb1eb7f34df38145ecb59ba15932fa6465c1c10dc47c7eb91dea8cd", [:make, :rebar3], [], "hexpm", "9b4271e10228e6877199f1d698eaa3b32e69ae82cc68e1443c5ca8e774089a44"},
  "credo": {:hex, :credo, "1.5.5", "e8f422026f553bc3bebb81c8e8bf1932f498ca03339856c7fec63d3faac8424b", [:mix], [{:bunt, "~> 0.2.0", [hex: :bunt, repo: "hexpm", optional: false]}, {:file_system, "~> 0.2.8", [hex: :file_system, repo: "hexpm", optional: false]}, {:jason, "~> 1.0", [hex: :jason, repo: "hexpm", optional: false]}], "hexpm", "dd8623ab7091956a855dc9f3062486add9c52d310dfd62748779c4315d8247de"},
  "dialyxir": {:hex, :dialyxir, "1.1.0", "c5aab0d6e71e5522e77beff7ba9e08f8e02bad90dfbeffae60eaf0cb47e29488", [:mix], [{:erlex, ">= 0.2.6", [hex: :erlex, repo: "hexpm", optional: false]}], "hexpm", "07ea8e49c45f15264ebe6d5b93799d4dd56a44036cf42d0ad9c960bc266c0b9a"},
  "erlex": {:hex, :erlex, "0.2.6", "c7987d15e899c7a2f34f5420d2a2ea0d659682c06ac607572df55a43753aa12e", [:mix], [], "hexpm", "2ed2e25711feb44d52b17d2780eabf998452f6efda104877a3881c2f8c0c0c75"},
  "file_system": {:hex, :file_system, "0.2.10", "fb082005a9cd1711c05b5248710f8826b02d7d1784e7c3451f9c1231d4fc162d", [:mix], [], "hexpm", "41195edbfb562a593726eda3b3e8b103a309b733ad25f3d642ba49696bf715dc"},
  "gun": {:hex, :gun, "2.0.0-rc.1", "b87d81dad83f41fa3f2cbf1a923eae44c5ce559a7006728d47888c3e7eb7a6ce", [:make, :rebar3], [{:cowlib, "2.10.1", [hex: :cowlib, repo: "hexpm", optional: false]}], "hexpm", "459e7c843c894f69878df60378e7fa4a4b5504a00066c02138d084435c2c7968"},
  "idna": {:hex, :idna, "6.1.1", "8a63070e9f7d0c62eb9d9fcb360a7de382448200fbbd1b106cc96d3d8099df8d", [:rebar3], [{:unicode_util_compat, "~>0.7.0", [hex: :unicode_util_compat, repo: "hexpm", optional: false]}], "hexpm", "92376eb7894412ed19ac475e4a86f7b413c1b9fbb5bd16dccd57934157944cea"},
  "jason": {:hex, :jason, "1.2.2", "ba43e3f2709fd1aa1dce90aaabfd039d000469c05c56f0b8e31978e03fa39052", [:mix], [{:decimal, "~> 1.0 or ~> 2.0", [hex: :decimal, repo: "hexpm", optional: true]}], "hexpm", "18a228f5f0058ee183f29f9eae0805c6e59d61c3b006760668d8d18ff0d12179"},
  "mime": {:hex, :mime, "1.6.0", "dabde576a497cef4bbdd60aceee8160e02a6c89250d6c0b29e56c0dfb00db3d2", [:mix], [], "hexpm", "31a1a8613f8321143dde1dafc36006a17d28d02bdfecb9e95a880fa7aabd19a7"},
  "tesla": {:hex, :tesla, "1.4.1", "ff855f1cac121e0d16281b49e8f066c4a0d89965f98864515713878cca849ac8", [:mix], [{:castore, "~> 0.1", [hex: :castore, repo: "hexpm", optional: true]}, {:exjsx, ">= 3.0.0", [hex: :exjsx, repo: "hexpm", optional: true]}, {:finch, "~> 0.3", [hex: :finch, repo: "hexpm", optional: true]}, {:fuse, "~> 2.4", [hex: :fuse, repo: "hexpm", optional: true]}, {:gun, "~> 1.3", [hex: :gun, repo: "hexpm", optional: true]}, {:hackney, "~> 1.6", [hex: :hackney, repo: "hexpm", optional: true]}, {:ibrowse, "~> 4.4.0", [hex: :ibrowse, repo: "hexpm", optional: true]}, {:jason, ">= 1.0.0", [hex: :jason, repo: "hexpm", optional: true]}, {:mime, "~> 1.0", [hex: :mime, repo: "hexpm", optional: false]}, {:mint, "~> 1.0", [hex: :mint, repo: "hexpm", optional: true]}, {:poison, ">= 1.0.0", [hex: :poison, repo: "hexpm", optional: true]}, {:telemetry, "~> 0.4", [hex: :telemetry, repo: "hexpm", optional: true]}], "hexpm", "95f5de35922c8c4b3945bee7406f66eb680b0955232f78f5fb7e853aa1ce201a"},
  "unicode_util_compat": {:hex, :unicode_util_compat, "0.7.0", "bc84380c9ab48177092f43ac89e4dfa2c6d62b40b8bd132b1059ecc7232f9a78", [:rebar3], [], "hexpm", "25eee6d67df61960cf6a794239566599b09e17e668d3700247bc498638152521"},
}
